
Microsoft Visual Studio Solution File, Format Version 12.00
# Visual Studio Version 17
VisualStudioVersion = 17.3.32901.215
MinimumVisualStudioVersion = 10.0.40219.1
Project("{2150E333-8FDC-42A3-9474-1A3956D46DE8}") = "src", "src", "{0D02B645-306B-47EF-9C8E-9FB512BCBA83}"
EndProject
Project("{2150E333-8FDC-42A3-9474-1A3956D46DE8}") = "Gateway", "Gateway", "{AF0CCB33-A4A4-4187-AB23-3055FB137415}"
EndProject
Project("{2150E333-8FDC-42A3-9474-1A3956D46DE8}") = "Services", "Services", "{900228DA-E21C-4683-B764-BB671E274E10}"
EndProject
Project("{2150E333-8FDC-42A3-9474-1A3956D46DE8}") = "Common", "Common", "{12969BB3-E4CA-48D8-B2E7-733CC0C05F74}"
EndProject
Project("{2150E333-8FDC-42A3-9474-1A3956D46DE8}") = "Product", "Product", "{E5D8F4D5-394E-4AFE-8CA9-1B2D9FED7E1F}"
EndProject
Project("{2150E333-8FDC-42A3-9474-1A3956D46DE8}") = "Shared", "Shared", "{31A0A7CD-5E4C-4602-B5CD-AB1B515E4BF6}"
EndProject
Project("{2150E333-8FDC-42A3-9474-1A3956D46DE8}") = "Basket", "Basket", "{D7A1A0B7-2176-4CF0-8603-3D410846E0B2}"
EndProject
Project("{9A19103F-16F7-4668-BE54-9A1E7A4F7556}") = "Katalog.Basket", "src\Services\Basket\Katalog.Basket\Katalog.Basket.csproj", "{C3F99AF9-CC7C-4597-AE95-AFF879688AFC}"
EndProject
Project("{9A19103F-16F7-4668-BE54-9A1E7A4F7556}") = "Katalog.Product", "src\Services\Product\Katalog.Product\Katalog.Product.csproj", "{91B19CE9-F520-4AFD-B016-7220FAB8BF82}"
EndProject
Project("{2150E333-8FDC-42A3-9474-1A3956D46DE8}") = "IdentityServer", "IdentityServer", "{A0F87FB4-7C20-4D34-A9DA-218DF3F63076}"
EndProject
Project("{9A19103F-16F7-4668-BE54-9A1E7A4F7556}") = "Katalog.IdentityServer", "src\Services\IdentityServer\Katalog.IdentityServer\Katalog.IdentityServer.csproj", "{54ABD2BC-052E-42D8-9190-9992B89746AE}"
EndProject
Project("{FAE04EC0-301F-11D3-BF4B-00C04F79EFBC}") = "Katalog.Shared", "Katalog.Shared\Katalog.Shared.csproj", "{EE6C558F-3BF0-4578-9CDC-557832DC75A4}"
EndProject
Global
	GlobalSection(SolutionConfigurationPlatforms) = preSolution
		Debug|Any CPU = Debug|Any CPU
		Release|Any CPU = Release|Any CPU
	EndGlobalSection
	GlobalSection(ProjectConfigurationPlatforms) = postSolution
		{C3F99AF9-CC7C-4597-AE95-AFF879688AFC}.Debug|Any CPU.ActiveCfg = Debug|Any CPU
		{C3F99AF9-CC7C-4597-AE95-AFF879688AFC}.Debug|Any CPU.Build.0 = Debug|Any CPU
		{C3F99AF9-CC7C-4597-AE95-AFF879688AFC}.Release|Any CPU.ActiveCfg = Release|Any CPU
		{C3F99AF9-CC7C-4597-AE95-AFF879688AFC}.Release|Any CPU.Build.0 = Release|Any CPU
		{91B19CE9-F520-4AFD-B016-7220FAB8BF82}.Debug|Any CPU.ActiveCfg = Debug|Any CPU
		{91B19CE9-F520-4AFD-B016-7220FAB8BF82}.Debug|Any CPU.Build.0 = Debug|Any CPU
		{91B19CE9-F520-4AFD-B016-7220FAB8BF82}.Release|Any CPU.ActiveCfg = Release|Any CPU
		{91B19CE9-F520-4AFD-B016-7220FAB8BF82}.Release|Any CPU.Build.0 = Release|Any CPU
		{54ABD2BC-052E-42D8-9190-9992B89746AE}.Debug|Any CPU.ActiveCfg = Debug|Any CPU
		{54ABD2BC-052E-42D8-9190-9992B89746AE}.Debug|Any CPU.Build.0 = Debug|Any CPU
		{54ABD2BC-052E-42D8-9190-9992B89746AE}.Release|Any CPU.ActiveCfg = Release|Any CPU
		{54ABD2BC-052E-42D8-9190-9992B89746AE}.Release|Any CPU.Build.0 = Release|Any CPU
		{EE6C558F-3BF0-4578-9CDC-557832DC75A4}.Debug|Any CPU.ActiveCfg = Debug|Any CPU
		{EE6C558F-3BF0-4578-9CDC-557832DC75A4}.Debug|Any CPU.Build.0 = Debug|Any CPU
		{EE6C558F-3BF0-4578-9CDC-557832DC75A4}.Release|Any CPU.ActiveCfg = Release|Any CPU
		{EE6C558F-3BF0-4578-9CDC-557832DC75A4}.Release|Any CPU.Build.0 = Release|Any CPU
	EndGlobalSection
	GlobalSection(SolutionProperties) = preSolution
		HideSolutionNode = FALSE
	EndGlobalSection
	GlobalSection(NestedProjects) = preSolution
		{AF0CCB33-A4A4-4187-AB23-3055FB137415} = {0D02B645-306B-47EF-9C8E-9FB512BCBA83}
		{900228DA-E21C-4683-B764-BB671E274E10} = {0D02B645-306B-47EF-9C8E-9FB512BCBA83}
		{12969BB3-E4CA-48D8-B2E7-733CC0C05F74} = {900228DA-E21C-4683-B764-BB671E274E10}
		{E5D8F4D5-394E-4AFE-8CA9-1B2D9FED7E1F} = {900228DA-E21C-4683-B764-BB671E274E10}
		{31A0A7CD-5E4C-4602-B5CD-AB1B515E4BF6} = {0D02B645-306B-47EF-9C8E-9FB512BCBA83}
		{D7A1A0B7-2176-4CF0-8603-3D410846E0B2} = {900228DA-E21C-4683-B764-BB671E274E10}
		{C3F99AF9-CC7C-4597-AE95-AFF879688AFC} = {D7A1A0B7-2176-4CF0-8603-3D410846E0B2}
		{91B19CE9-F520-4AFD-B016-7220FAB8BF82} = {E5D8F4D5-394E-4AFE-8CA9-1B2D9FED7E1F}
		{A0F87FB4-7C20-4D34-A9DA-218DF3F63076} = {0D02B645-306B-47EF-9C8E-9FB512BCBA83}
		{54ABD2BC-052E-42D8-9190-9992B89746AE} = {A0F87FB4-7C20-4D34-A9DA-218DF3F63076}
		{EE6C558F-3BF0-4578-9CDC-557832DC75A4} = {31A0A7CD-5E4C-4602-B5CD-AB1B515E4BF6}
	EndGlobalSection
	GlobalSection(ExtensibilityGlobals) = postSolution
		SolutionGuid = {FF802490-A8A9-4C19-8E0A-5FC4A9EA9CB2}
	EndGlobalSection
EndGlobal
