
Microsoft Visual Studio Solution File, Format Version 12.00
# Visual Studio Version 17
VisualStudioVersion = 17.3.32901.215
MinimumVisualStudioVersion = 10.0.40219.1
Project("{2150E333-8FDC-42A3-9474-1A3956D46DE8}") = "src", "src", "{0D02B645-306B-47EF-9C8E-9FB512BCBA83}"
EndProject
Project("{2150E333-8FDC-42A3-9474-1A3956D46DE8}") = "Gateway", "Gateway", "{AF0CCB33-A4A4-4187-AB23-3055FB137415}"
EndProject
Project("{2150E333-8FDC-42A3-9474-1A3956D46DE8}") = "Services", "Services", "{900228DA-E21C-4683-B764-BB671E274E10}"
EndProject
Project("{2150E333-8FDC-42A3-9474-1A3956D46DE8}") = "Common", "Common", "{12969BB3-E4CA-48D8-B2E7-733CC0C05F74}"
EndProject
Project("{2150E333-8FDC-42A3-9474-1A3956D46DE8}") = "Product", "Product", "{E5D8F4D5-394E-4AFE-8CA9-1B2D9FED7E1F}"
EndProject
Project("{2150E333-8FDC-42A3-9474-1A3956D46DE8}") = "Basket", "Basket", "{D7A1A0B7-2176-4CF0-8603-3D410846E0B2}"
EndProject
Project("{9A19103F-16F7-4668-BE54-9A1E7A4F7556}") = "Katalog.Basket", "src\Services\Basket\Katalog.Basket\Katalog.Basket.csproj", "{C3F99AF9-CC7C-4597-AE95-AFF879688AFC}"
EndProject
Project("{9A19103F-16F7-4668-BE54-9A1E7A4F7556}") = "Katalog.Product", "src\Services\Product\Katalog.Product\Katalog.Product.csproj", "{91B19CE9-F520-4AFD-B016-7220FAB8BF82}"
EndProject
Project("{2150E333-8FDC-42A3-9474-1A3956D46DE8}") = "IdentityServer", "IdentityServer", "{A0F87FB4-7C20-4D34-A9DA-218DF3F63076}"
EndProject
Project("{9A19103F-16F7-4668-BE54-9A1E7A4F7556}") = "Katalog.IdentityServer", "src\Services\IdentityServer\Katalog.IdentityServer\Katalog.IdentityServer.csproj", "{54ABD2BC-052E-42D8-9190-9992B89746AE}"
EndProject
Project("{2150E333-8FDC-42A3-9474-1A3956D46DE8}") = "Shared", "Shared", "{38347C71-6E4A-479C-AEFB-12A19FAFC537}"
EndProject
Project("{9A19103F-16F7-4668-BE54-9A1E7A4F7556}") = "Katalog.Shared", "src\Services\Shared\Katalog.Shared\Katalog.Shared.csproj", "{9BA625C1-F7A9-4C13-B688-C4F5EB4D54EF}"
EndProject
Project("{2150E333-8FDC-42A3-9474-1A3956D46DE8}") = "Photo", "Photo", "{AEC58E0A-5934-4323-B9DB-B0388FC1E9FF}"
EndProject
Project("{9A19103F-16F7-4668-BE54-9A1E7A4F7556}") = "Katalog.Photo", "src\Services\Photo\Katalog.Photo\Katalog.Photo.csproj", "{67D04011-C22E-4B2F-9D13-49B81A80501F}"
EndProject
Project("{2150E333-8FDC-42A3-9474-1A3956D46DE8}") = "Discount", "Discount", "{E8AAF01F-4BEA-4B3E-A04E-788098BE2187}"
EndProject
Project("{9A19103F-16F7-4668-BE54-9A1E7A4F7556}") = "Katalog.Discount", "src\Services\Discount\Katalog.Discount\Katalog.Discount.csproj", "{A97F744F-FC32-4DEB-91B8-B435B0FB1864}"
EndProject
Project("{2150E333-8FDC-42A3-9474-1A3956D46DE8}") = "Order", "Order", "{94D4F912-5A37-4A38-9DBE-673D36FC687B}"
EndProject
Project("{FAE04EC0-301F-11D3-BF4B-00C04F79EFBC}") = "Katalog.Order.API", "src\Services\Order\Katalog.Order.API\Katalog.Order.API.csproj", "{44E21599-6EFC-4861-8C3E-A348EB1D0305}"
EndProject
Project("{FAE04EC0-301F-11D3-BF4B-00C04F79EFBC}") = "Katalog.Order.Application", "src\Services\Order\Katalog.Order.Application\Katalog.Order.Application.csproj", "{D8B7F8C2-D6B5-46D0-9D50-8160024C14CC}"
EndProject
Project("{FAE04EC0-301F-11D3-BF4B-00C04F79EFBC}") = "Katalog.Order.Domain", "src\Services\Order\Katalog.Order.Domain\Katalog.Order.Domain.csproj", "{6CF337CE-2127-4C13-BDB5-D2DBD1C3DB08}"
EndProject
Project("{FAE04EC0-301F-11D3-BF4B-00C04F79EFBC}") = "Katalog.Order.Domain.Core", "src\Services\Order\Katalog.Order.Domain.Core\Katalog.Order.Domain.Core.csproj", "{D743D3C3-3A4D-43B1-BBC8-5B3D09E9AD48}"
EndProject
Project("{FAE04EC0-301F-11D3-BF4B-00C04F79EFBC}") = "Katalog.Order.Domain.Infrastructure", "Katalog.Order.Domain.Infrastructure\Katalog.Order.Domain.Infrastructure.csproj", "{FC33A2BA-CA35-40F9-A8EB-E25390727F49}"
EndProject
Global
	GlobalSection(SolutionConfigurationPlatforms) = preSolution
		Debug|Any CPU = Debug|Any CPU
		Release|Any CPU = Release|Any CPU
	EndGlobalSection
	GlobalSection(ProjectConfigurationPlatforms) = postSolution
		{C3F99AF9-CC7C-4597-AE95-AFF879688AFC}.Debug|Any CPU.ActiveCfg = Debug|Any CPU
		{C3F99AF9-CC7C-4597-AE95-AFF879688AFC}.Debug|Any CPU.Build.0 = Debug|Any CPU
		{C3F99AF9-CC7C-4597-AE95-AFF879688AFC}.Release|Any CPU.ActiveCfg = Release|Any CPU
		{C3F99AF9-CC7C-4597-AE95-AFF879688AFC}.Release|Any CPU.Build.0 = Release|Any CPU
		{91B19CE9-F520-4AFD-B016-7220FAB8BF82}.Debug|Any CPU.ActiveCfg = Debug|Any CPU
		{91B19CE9-F520-4AFD-B016-7220FAB8BF82}.Debug|Any CPU.Build.0 = Debug|Any CPU
		{91B19CE9-F520-4AFD-B016-7220FAB8BF82}.Release|Any CPU.ActiveCfg = Release|Any CPU
		{91B19CE9-F520-4AFD-B016-7220FAB8BF82}.Release|Any CPU.Build.0 = Release|Any CPU
		{54ABD2BC-052E-42D8-9190-9992B89746AE}.Debug|Any CPU.ActiveCfg = Debug|Any CPU
		{54ABD2BC-052E-42D8-9190-9992B89746AE}.Debug|Any CPU.Build.0 = Debug|Any CPU
		{54ABD2BC-052E-42D8-9190-9992B89746AE}.Release|Any CPU.ActiveCfg = Release|Any CPU
		{54ABD2BC-052E-42D8-9190-9992B89746AE}.Release|Any CPU.Build.0 = Release|Any CPU
		{9BA625C1-F7A9-4C13-B688-C4F5EB4D54EF}.Debug|Any CPU.ActiveCfg = Debug|Any CPU
		{9BA625C1-F7A9-4C13-B688-C4F5EB4D54EF}.Debug|Any CPU.Build.0 = Debug|Any CPU
		{9BA625C1-F7A9-4C13-B688-C4F5EB4D54EF}.Release|Any CPU.ActiveCfg = Release|Any CPU
		{9BA625C1-F7A9-4C13-B688-C4F5EB4D54EF}.Release|Any CPU.Build.0 = Release|Any CPU
		{67D04011-C22E-4B2F-9D13-49B81A80501F}.Debug|Any CPU.ActiveCfg = Debug|Any CPU
		{67D04011-C22E-4B2F-9D13-49B81A80501F}.Debug|Any CPU.Build.0 = Debug|Any CPU
		{67D04011-C22E-4B2F-9D13-49B81A80501F}.Release|Any CPU.ActiveCfg = Release|Any CPU
		{67D04011-C22E-4B2F-9D13-49B81A80501F}.Release|Any CPU.Build.0 = Release|Any CPU
		{A97F744F-FC32-4DEB-91B8-B435B0FB1864}.Debug|Any CPU.ActiveCfg = Debug|Any CPU
		{A97F744F-FC32-4DEB-91B8-B435B0FB1864}.Debug|Any CPU.Build.0 = Debug|Any CPU
		{A97F744F-FC32-4DEB-91B8-B435B0FB1864}.Release|Any CPU.ActiveCfg = Release|Any CPU
		{A97F744F-FC32-4DEB-91B8-B435B0FB1864}.Release|Any CPU.Build.0 = Release|Any CPU
		{44E21599-6EFC-4861-8C3E-A348EB1D0305}.Debug|Any CPU.ActiveCfg = Debug|Any CPU
		{44E21599-6EFC-4861-8C3E-A348EB1D0305}.Debug|Any CPU.Build.0 = Debug|Any CPU
		{44E21599-6EFC-4861-8C3E-A348EB1D0305}.Release|Any CPU.ActiveCfg = Release|Any CPU
		{44E21599-6EFC-4861-8C3E-A348EB1D0305}.Release|Any CPU.Build.0 = Release|Any CPU
		{D8B7F8C2-D6B5-46D0-9D50-8160024C14CC}.Debug|Any CPU.ActiveCfg = Debug|Any CPU
		{D8B7F8C2-D6B5-46D0-9D50-8160024C14CC}.Debug|Any CPU.Build.0 = Debug|Any CPU
		{D8B7F8C2-D6B5-46D0-9D50-8160024C14CC}.Release|Any CPU.ActiveCfg = Release|Any CPU
		{D8B7F8C2-D6B5-46D0-9D50-8160024C14CC}.Release|Any CPU.Build.0 = Release|Any CPU
		{6CF337CE-2127-4C13-BDB5-D2DBD1C3DB08}.Debug|Any CPU.ActiveCfg = Debug|Any CPU
		{6CF337CE-2127-4C13-BDB5-D2DBD1C3DB08}.Debug|Any CPU.Build.0 = Debug|Any CPU
		{6CF337CE-2127-4C13-BDB5-D2DBD1C3DB08}.Release|Any CPU.ActiveCfg = Release|Any CPU
		{6CF337CE-2127-4C13-BDB5-D2DBD1C3DB08}.Release|Any CPU.Build.0 = Release|Any CPU
		{D743D3C3-3A4D-43B1-BBC8-5B3D09E9AD48}.Debug|Any CPU.ActiveCfg = Debug|Any CPU
		{D743D3C3-3A4D-43B1-BBC8-5B3D09E9AD48}.Debug|Any CPU.Build.0 = Debug|Any CPU
		{D743D3C3-3A4D-43B1-BBC8-5B3D09E9AD48}.Release|Any CPU.ActiveCfg = Release|Any CPU
		{D743D3C3-3A4D-43B1-BBC8-5B3D09E9AD48}.Release|Any CPU.Build.0 = Release|Any CPU
		{FC33A2BA-CA35-40F9-A8EB-E25390727F49}.Debug|Any CPU.ActiveCfg = Debug|Any CPU
		{FC33A2BA-CA35-40F9-A8EB-E25390727F49}.Debug|Any CPU.Build.0 = Debug|Any CPU
		{FC33A2BA-CA35-40F9-A8EB-E25390727F49}.Release|Any CPU.ActiveCfg = Release|Any CPU
		{FC33A2BA-CA35-40F9-A8EB-E25390727F49}.Release|Any CPU.Build.0 = Release|Any CPU
	EndGlobalSection
	GlobalSection(SolutionProperties) = preSolution
		HideSolutionNode = FALSE
	EndGlobalSection
	GlobalSection(NestedProjects) = preSolution
		{AF0CCB33-A4A4-4187-AB23-3055FB137415} = {0D02B645-306B-47EF-9C8E-9FB512BCBA83}
		{900228DA-E21C-4683-B764-BB671E274E10} = {0D02B645-306B-47EF-9C8E-9FB512BCBA83}
		{12969BB3-E4CA-48D8-B2E7-733CC0C05F74} = {900228DA-E21C-4683-B764-BB671E274E10}
		{E5D8F4D5-394E-4AFE-8CA9-1B2D9FED7E1F} = {900228DA-E21C-4683-B764-BB671E274E10}
		{D7A1A0B7-2176-4CF0-8603-3D410846E0B2} = {900228DA-E21C-4683-B764-BB671E274E10}
		{C3F99AF9-CC7C-4597-AE95-AFF879688AFC} = {D7A1A0B7-2176-4CF0-8603-3D410846E0B2}
		{91B19CE9-F520-4AFD-B016-7220FAB8BF82} = {E5D8F4D5-394E-4AFE-8CA9-1B2D9FED7E1F}
		{A0F87FB4-7C20-4D34-A9DA-218DF3F63076} = {0D02B645-306B-47EF-9C8E-9FB512BCBA83}
		{54ABD2BC-052E-42D8-9190-9992B89746AE} = {A0F87FB4-7C20-4D34-A9DA-218DF3F63076}
		{38347C71-6E4A-479C-AEFB-12A19FAFC537} = {900228DA-E21C-4683-B764-BB671E274E10}
		{9BA625C1-F7A9-4C13-B688-C4F5EB4D54EF} = {38347C71-6E4A-479C-AEFB-12A19FAFC537}
		{AEC58E0A-5934-4323-B9DB-B0388FC1E9FF} = {900228DA-E21C-4683-B764-BB671E274E10}
		{67D04011-C22E-4B2F-9D13-49B81A80501F} = {AEC58E0A-5934-4323-B9DB-B0388FC1E9FF}
		{E8AAF01F-4BEA-4B3E-A04E-788098BE2187} = {900228DA-E21C-4683-B764-BB671E274E10}
		{A97F744F-FC32-4DEB-91B8-B435B0FB1864} = {E8AAF01F-4BEA-4B3E-A04E-788098BE2187}
		{94D4F912-5A37-4A38-9DBE-673D36FC687B} = {900228DA-E21C-4683-B764-BB671E274E10}
		{44E21599-6EFC-4861-8C3E-A348EB1D0305} = {94D4F912-5A37-4A38-9DBE-673D36FC687B}
		{D8B7F8C2-D6B5-46D0-9D50-8160024C14CC} = {94D4F912-5A37-4A38-9DBE-673D36FC687B}
		{6CF337CE-2127-4C13-BDB5-D2DBD1C3DB08} = {94D4F912-5A37-4A38-9DBE-673D36FC687B}
		{D743D3C3-3A4D-43B1-BBC8-5B3D09E9AD48} = {94D4F912-5A37-4A38-9DBE-673D36FC687B}
		{FC33A2BA-CA35-40F9-A8EB-E25390727F49} = {94D4F912-5A37-4A38-9DBE-673D36FC687B}
	EndGlobalSection
	GlobalSection(ExtensibilityGlobals) = postSolution
		SolutionGuid = {FF802490-A8A9-4C19-8E0A-5FC4A9EA9CB2}
	EndGlobalSection
EndGlobal
